// !$*UTF8*$!
{
	archiveVersion = 1;
	classes = {
	};
	objectVersion = 46;
	objects = {

/* Begin PBXBuildFile section */
		D301DA311B8C5979004BEB00 /* main.m in Sources */ = {isa = PBXBuildFile; fileRef = D301DA301B8C5979004BEB00 /* main.m */; };
		D301DA341B8C5979004BEB00 /* AppDelegate.m in Sources */ = {isa = PBXBuildFile; fileRef = D301DA331B8C5979004BEB00 /* AppDelegate.m */; };
		D301DA371B8C5979004BEB00 /* noteBook.xcdatamodeld in Sources */ = {isa = PBXBuildFile; fileRef = D301DA351B8C5979004BEB00 /* noteBook.xcdatamodeld */; };
		D301DA3A1B8C5979004BEB00 /* ViewController.m in Sources */ = {isa = PBXBuildFile; fileRef = D301DA391B8C5979004BEB00 /* ViewController.m */; };
		D301DA3D1B8C5979004BEB00 /* Main.storyboard in Resources */ = {isa = PBXBuildFile; fileRef = D301DA3B1B8C5979004BEB00 /* Main.storyboard */; };
		D301DA3F1B8C5979004BEB00 /* Images.xcassets in Resources */ = {isa = PBXBuildFile; fileRef = D301DA3E1B8C5979004BEB00 /* Images.xcassets */; };
		D301DA421B8C5979004BEB00 /* LaunchScreen.xib in Resources */ = {isa = PBXBuildFile; fileRef = D301DA401B8C5979004BEB00 /* LaunchScreen.xib */; };
		D301DA4E1B8C5979004BEB00 /* noteBookTests.m in Sources */ = {isa = PBXBuildFile; fileRef = D301DA4D1B8C5979004BEB00 /* noteBookTests.m */; };
		D301DA591B8C66B0004BEB00 /* ListViewController.m in Sources */ = {isa = PBXBuildFile; fileRef = D301DA581B8C66B0004BEB00 /* ListViewController.m */; };
/* End PBXBuildFile section */

/* Begin PBXContainerItemProxy section */
		D301DA481B8C5979004BEB00 /* PBXContainerItemProxy */ = {
			isa = PBXContainerItemProxy;
			containerPortal = D301DA231B8C5979004BEB00 /* Project object */;
			proxyType = 1;
			remoteGlobalIDString = D301DA2A1B8C5979004BEB00;
			remoteInfo = noteBook;
		};
/* End PBXContainerItemProxy section */

/* Begin PBXFileReference section */
		D301DA2B1B8C5979004BEB00 /* noteBook.app */ = {isa = PBXFileReference; explicitFileType = wrapper.application; includeInIndex = 0; path = noteBook.app; sourceTree = BUILT_PRODUCTS_DIR; };
		D301DA2F1B8C5979004BEB00 /* Info.plist */ = {isa = PBXFileReference; lastKnownFileType = text.plist.xml; path = Info.plist; sourceTree = "<group>"; };
		D301DA301B8C5979004BEB00 /* main.m */ = {isa = PBXFileReference; lastKnownFileType = sourcecode.c.objc; path = main.m; sourceTree = "<group>"; };
		D301DA321B8C5979004BEB00 /* AppDelegate.h */ = {isa = PBXFileReference; lastKnownFileType = sourcecode.c.h; path = AppDelegate.h; sourceTree = "<group>"; };
		D301DA331B8C5979004BEB00 /* AppDelegate.m */ = {isa = PBXFileReference; lastKnownFileType = sourcecode.c.objc; path = AppDelegate.m; sourceTree = "<group>"; };
		D301DA361B8C5979004BEB00 /* noteBook.xcdatamodel */ = {isa = PBXFileReference; lastKnownFileType = wrapper.xcdatamodel; path = noteBook.xcdatamodel; sourceTree = "<group>"; };
		D301DA381B8C5979004BEB00 /* ViewController.h */ = {isa = PBXFileReference; lastKnownFileType = sourcecode.c.h; path = ViewController.h; sourceTree = "<group>"; };
		D301DA391B8C5979004BEB00 /* ViewController.m */ = {isa = PBXFileReference; lastKnownFileType = sourcecode.c.objc; path = ViewController.m; sourceTree = "<group>"; };
		D301DA3C1B8C5979004BEB00 /* Base */ = {isa = PBXFileReference; lastKnownFileType = file.storyboard; name = Base; path = Base.lproj/Main.storyboard; sourceTree = "<group>"; };
		D301DA3E1B8C5979004BEB00 /* Images.xcassets */ = {isa = PBXFileReference; lastKnownFileType = folder.assetcatalog; path = Images.xcassets; sourceTree = "<group>"; };
		D301DA411B8C5979004BEB00 /* Base */ = {isa = PBXFileReference; lastKnownFileType = file.xib; name = Base; path = Base.lproj/LaunchScreen.xib; sourceTree = "<group>"; };
		D301DA471B8C5979004BEB00 /* noteBookTests.xctest */ = {isa = PBXFileReference; explicitFileType = wrapper.cfbundle; includeInIndex = 0; path = noteBookTests.xctest; sourceTree = BUILT_PRODUCTS_DIR; };
		D301DA4C1B8C5979004BEB00 /* Info.plist */ = {isa = PBXFileReference; lastKnownFileType = text.plist.xml; path = Info.plist; sourceTree = "<group>"; };
		D301DA4D1B8C5979004BEB00 /* noteBookTests.m */ = {isa = PBXFileReference; lastKnownFileType = sourcecode.c.objc; path = noteBookTests.m; sourceTree = "<group>"; };
		D301DA571B8C669B004BEB00 /* ListViewController.h */ = {isa = PBXFileReference; lastKnownFileType = sourcecode.c.h; path = ListViewController.h; sourceTree = "<group>"; };
		D301DA581B8C66B0004BEB00 /* ListViewController.m */ = {isa = PBXFileReference; fileEncoding = 4; lastKnownFileType = sourcecode.c.objc; path = ListViewController.m; sourceTree = "<group>"; };
/* End PBXFileReference section */

/* Begin PBXFrameworksBuildPhase section */
		D301DA281B8C5979004BEB00 /* Frameworks */ = {
			isa = PBXFrameworksBuildPhase;
			buildActionMask = 2147483647;
			files = (
			);
			runOnlyForDeploymentPostprocessing = 0;
		};
		D301DA441B8C5979004BEB00 /* Frameworks */ = {
			isa = PBXFrameworksBuildPhase;
			buildActionMask = 2147483647;
			files = (
			);
			runOnlyForDeploymentPostprocessing = 0;
		};
/* End PBXFrameworksBuildPhase section */

/* Begin PBXGroup section */
		D301DA221B8C5979004BEB00 = {
			isa = PBXGroup;
			children = (
				D301DA2D1B8C5979004BEB00 /* noteBook */,
				D301DA4A1B8C5979004BEB00 /* noteBookTests */,
				D301DA2C1B8C5979004BEB00 /* Products */,
			);
			sourceTree = "<group>";
		};
		D301DA2C1B8C5979004BEB00 /* Products */ = {
			isa = PBXGroup;
			children = (
				D301DA2B1B8C5979004BEB00 /* noteBook.app */,
				D301DA471B8C5979004BEB00 /* noteBookTests.xctest */,
			);
			name = Products;
			sourceTree = "<group>";
		};
		D301DA2D1B8C5979004BEB00 /* noteBook */ = {
			isa = PBXGroup;
			children = (
				D301DA321B8C5979004BEB00 /* AppDelegate.h */,
				D301DA331B8C5979004BEB00 /* AppDelegate.m */,
				D301DA381B8C5979004BEB00 /* ViewController.h */,
				D301DA391B8C5979004BEB00 /* ViewController.m */,
				D301DA3B1B8C5979004BEB00 /* Main.storyboard */,
				D301DA3E1B8C5979004BEB00 /* Images.xcassets */,
				D301DA401B8C5979004BEB00 /* LaunchScreen.xib */,
				D301DA351B8C5979004BEB00 /* noteBook.xcdatamodeld */,
				D301DA2E1B8C5979004BEB00 /* Supporting Files */,
				D301DA571B8C669B004BEB00 /* ListViewController.h */,
				D301DA581B8C66B0004BEB00 /* ListViewController.m */,
			);
			path = noteBook;
			sourceTree = "<group>";
		};
		D301DA2E1B8C5979004BEB00 /* Supporting Files */ = {
			isa = PBXGroup;
			children = (
				D301DA2F1B8C5979004BEB00 /* Info.plist */,
				D301DA301B8C5979004BEB00 /* main.m */,
			);
			name = "Supporting Files";
			sourceTree = "<group>";
		};
		D301DA4A1B8C5979004BEB00 /* noteBookTests */ = {
			isa = PBXGroup;
			children = (
				D301DA4D1B8C5979004BEB00 /* noteBookTests.m */,
				D301DA4B1B8C5979004BEB00 /* Supporting Files */,
			);
			path = noteBookTests;
			sourceTree = "<group>";
		};
		D301DA4B1B8C5979004BEB00 /* Supporting Files */ = {
			isa = PBXGroup;
			children = (
				D301DA4C1B8C5979004BEB00 /* Info.plist */,
			);
			name = "Supporting Files";
			sourceTree = "<group>";
		};
/* End PBXGroup section */

/* Begin PBXNativeTarget section */
		D301DA2A1B8C5979004BEB00 /* noteBook */ = {
			isa = PBXNativeTarget;
			buildConfigurationList = D301DA511B8C5979004BEB00 /* Build configuration list for PBXNativeTarget "noteBook" */;
			buildPhases = (
				D301DA271B8C5979004BEB00 /* Sources */,
				D301DA281B8C5979004BEB00 /* Frameworks */,
				D301DA291B8C5979004BEB00 /* Resources */,
			);
			buildRules = (
			);
			dependencies = (
			);
			name = noteBook;
			productName = noteBook;
			productReference = D301DA2B1B8C5979004BEB00 /* noteBook.app */;
			productType = "com.apple.product-type.application";
		};
		D301DA461B8C5979004BEB00 /* noteBookTests */ = {
			isa = PBXNativeTarget;
			buildConfigurationList = D301DA541B8C5979004BEB00 /* Build configuration list for PBXNativeTarget "noteBookTests" */;
			buildPhases = (
				D301DA431B8C5979004BEB00 /* Sources */,
				D301DA441B8C5979004BEB00 /* Frameworks */,
				D301DA451B8C5979004BEB00 /* Resources */,
			);
			buildRules = (
			);
			dependencies = (
				D301DA491B8C5979004BEB00 /* PBXTargetDependency */,
			);
			name = noteBookTests;
			productName = noteBookTests;
			productReference = D301DA471B8C5979004BEB00 /* noteBookTests.xctest */;
			productType = "com.apple.product-type.bundle.unit-test";
		};
/* End PBXNativeTarget section */

/* Begin PBXProject section */
		D301DA231B8C5979004BEB00 /* Project object */ = {
			isa = PBXProject;
			attributes = {
				LastUpgradeCheck = 0640;
				ORGANIZATIONNAME = "王长旭";
				TargetAttributes = {
					D301DA2A1B8C5979004BEB00 = {
						CreatedOnToolsVersion = 6.4;
					};
					D301DA461B8C5979004BEB00 = {
						CreatedOnToolsVersion = 6.4;
						TestTargetID = D301DA2A1B8C5979004BEB00;
					};
				};
			};
			buildConfigurationList = D301DA261B8C5979004BEB00 /* Build configuration list for PBXProject "noteBook" */;
			compatibilityVersion = "Xcode 3.2";
			developmentRegion = English;
			hasScannedForEncodings = 0;
			knownRegions = (
				en,
				Base,
			);
			mainGroup = D301DA221B8C5979004BEB00;
			productRefGroup = D301DA2C1B8C5979004BEB00 /* Products */;
			projectDirPath = "";
			projectRoot = "";
			targets = (
				D301DA2A1B8C5979004BEB00 /* noteBook */,
				D301DA461B8C5979004BEB00 /* noteBookTests */,
			);
		};
/* End PBXProject section */

/* Begin PBXResourcesBuildPhase section */
		D301DA291B8C5979004BEB00 /* Resources */ = {
			isa = PBXResourcesBuildPhase;
			buildActionMask = 2147483647;
			files = (
				D301DA3D1B8C5979004BEB00 /* Main.storyboard in Resources */,
				D301DA421B8C5979004BEB00 /* LaunchScreen.xib in Resources */,
				D301DA3F1B8C5979004BEB00 /* Images.xcassets in Resources */,
			);
			runOnlyForDeploymentPostprocessing = 0;
		};
		D301DA451B8C5979004BEB00 /* Resources */ = {
			isa = PBXResourcesBuildPhase;
			buildActionMask = 2147483647;
			files = (
			);
			runOnlyForDeploymentPostprocessing = 0;
		};
/* End PBXResourcesBuildPhase section */

/* Begin PBXSourcesBuildPhase section */
		D301DA271B8C5979004BEB00 /* Sources */ = {
			isa = PBXSourcesBuildPhase;
			buildActionMask = 2147483647;
			files = (
				D301DA591B8C66B0004BEB00 /* ListViewController.m in Sources */,
				D301DA341B8C5979004BEB00 /* AppDelegate.m in Sources */,
				D301DA311B8C5979004BEB00 /* main.m in Sources */,
				D301DA3A1B8C5979004BEB00 /* ViewController.m in Sources */,
				D301DA371B8C5979004BEB00 /* noteBook.xcdatamodeld in Sources */,
			);
			runOnlyForDeploymentPostprocessing = 0;
		};
		D301DA431B8C5979004BEB00 /* Sources */ = {
			isa = PBXSourcesBuildPhase;
			buildActionMask = 2147483647;
			files = (
				D301DA4E1B8C5979004BEB00 /* noteBookTests.m in Sources */,
			);
			runOnlyForDeploymentPostprocessing = 0;
		};
/* End PBXSourcesBuildPhase section */

/* Begin PBXTargetDependency section */
		D301DA491B8C5979004BEB00 /* PBXTargetDependency */ = {
			isa = PBXTargetDependency;
			target = D301DA2A1B8C5979004BEB00 /* noteBook */;
			targetProxy = D301DA481B8C5979004BEB00 /* PBXContainerItemProxy */;
		};
/* End PBXTargetDependency section */

/* Begin PBXVariantGroup section */
		D301DA3B1B8C5979004BEB00 /* Main.storyboard */ = {
			isa = PBXVariantGroup;
			children = (
				D301DA3C1B8C5979004BEB00 /* Base */,
			);
			name = Main.storyboard;
			sourceTree = "<group>";
		};
		D301DA401B8C5979004BEB00 /* LaunchScreen.xib */ = {
			isa = PBXVariantGroup;
			children = (
				D301DA411B8C5979004BEB00 /* Base */,
			);
			name = LaunchScreen.xib;
			sourceTree = "<group>";
		};
/* End PBXVariantGroup section */

/* Begin XCBuildConfiguration section */
		D301DA4F1B8C5979004BEB00 /* Debug */ = {
			isa = XCBuildConfiguration;
			buildSettings = {
				ALWAYS_SEARCH_USER_PATHS = NO;
				CLANG_CXX_LANGUAGE_STANDARD = "gnu++0x";
				CLANG_CXX_LIBRARY = "libc++";
				CLANG_ENABLE_MODULES = YES;
				CLANG_ENABLE_OBJC_ARC = YES;
				CLANG_WARN_BOOL_CONVERSION = YES;
				CLANG_WARN_CONSTANT_CONVERSION = YES;
				CLANG_WARN_DIRECT_OBJC_ISA_USAGE = YES_ERROR;
				CLANG_WARN_EMPTY_BODY = YES;
				CLANG_WARN_ENUM_CONVERSION = YES;
				CLANG_WARN_INT_CONVERSION = YES;
				CLANG_WARN_OBJC_ROOT_CLASS = YES_ERROR;
				CLANG_WARN_UNREACHABLE_CODE = YES;
				CLANG_WARN__DUPLICATE_METHOD_MATCH = YES;
				"CODE_SIGN_IDENTITY[sdk=iphoneos*]" = "iPhone Developer";
				COPY_PHASE_STRIP = NO;
				DEBUG_INFORMATION_FORMAT = "dwarf-with-dsym";
				ENABLE_STRICT_OBJC_MSGSEND = YES;
				GCC_C_LANGUAGE_STANDARD = gnu99;
				GCC_DYNAMIC_NO_PIC = NO;
				GCC_NO_COMMON_BLOCKS = YES;
				GCC_OPTIMIZATION_LEVEL = 0;
				GCC_PREPROCESSOR_DEFINITIONS = (
					"DEBUG=1",
					"$(inherited)",
				);
				GCC_SYMBOLS_PRIVATE_EXTERN = NO;
				GCC_WARN_64_TO_32_BIT_CONVERSION = YES;
				GCC_WARN_ABOUT_RETURN_TYPE = YES_ERROR;
				GCC_WARN_UNDECLARED_SELECTOR = YES;
				GCC_WARN_UNINITIALIZED_AUTOS = YES_AGGRESSIVE;
				GCC_WARN_UNUSED_FUNCTION = YES;
				GCC_WARN_UNUSED_VARIABLE = YES;
				IPHONEOS_DEPLOYMENT_TARGET = 8.4;
				MTL_ENABLE_DEBUG_INFO = YES;
				ONLY_ACTIVE_ARCH = YES;
				SDKROOT = iphoneos;
			};
			name = Debug;
		};
		D301DA501B8C5979004BEB00 /* Release */ = {
			isa = XCBuildConfiguration;
			buildSettings = {
				ALWAYS_SEARCH_USER_PATHS = NO;
				CLANG_CXX_LANGUAGE_STANDARD = "gnu++0x";
				CLANG_CXX_LIBRARY = "libc++";
				CLANG_ENABLE_MODULES = YES;
				CLANG_ENABLE_OBJC_ARC = YES;
				CLANG_WARN_BOOL_CONVERSION = YES;
				CLANG_WARN_CONSTANT_CONVERSION = YES;
				CLANG_WARN_DIRECT_OBJC_ISA_USAGE = YES_ERROR;
				CLANG_WARN_EMPTY_BODY = YES;
				CLANG_WARN_ENUM_CONVERSION = YES;
				CLANG_WARN_INT_CONVERSION = YES;
				CLANG_WARN_OBJC_ROOT_CLASS = YES_ERROR;
				CLANG_WARN_UNREACHABLE_CODE = YES;
				CLANG_WARN__DUPLICATE_METHOD_MATCH = YES;
				"CODE_SIGN_IDENTITY[sdk=iphoneos*]" = "iPhone Developer";
				COPY_PHASE_STRIP = NO;
				DEBUG_INFORMATION_FORMAT = "dwarf-with-dsym";
				ENABLE_NS_ASSERTIONS = NO;
				ENABLE_STRICT_OBJC_MSGSEND = YES;
				GCC_C_LANGUAGE_STANDARD = gnu99;
				GCC_NO_COMMON_BLOCKS = YES;
				GCC_WARN_64_TO_32_BIT_CONVERSION = YES;
				GCC_WARN_ABOUT_RETURN_TYPE = YES_ERROR;
				GCC_WARN_UNDECLARED_SELECTOR = YES;
				GCC_WARN_UNINITIALIZED_AUTOS = YES_AGGRESSIVE;
				GCC_WARN_UNUSED_FUNCTION = YES;
				GCC_WARN_UNUSED_VARIABLE = YES;
				IPHONEOS_DEPLOYMENT_TARGET = 8.4;
				MTL_ENABLE_DEBUG_INFO = NO;
				SDKROOT = iphoneos;
				VALIDATE_PRODUCT = YES;
			};
			name = Release;
		};
		D301DA521B8C5979004BEB00 /* Debug */ = {
			isa = XCBuildConfiguration;
			buildSettings = {
				ASSETCATALOG_COMPILER_APPICON_NAME = AppIcon;
				INFOPLIST_FILE = noteBook/Info.plist;
				LD_RUNPATH_SEARCH_PATHS = "$(inherited) @executable_path/Frameworks";
				PRODUCT_NAME = "$(TARGET_NAME)";
			};
			name = Debug;
		};
		D301DA531B8C5979004BEB00 /* Release */ = {
			isa = XCBuildConfiguration;
			buildSettings = {
				ASSETCATALOG_COMPILER_APPICON_NAME = AppIcon;
				INFOPLIST_FILE = noteBook/Info.plist;
				LD_RUNPATH_SEARCH_PATHS = "$(inherited) @executable_path/Frameworks";
				PRODUCT_NAME = "$(TARGET_NAME)";
			};
			name = Release;
		};
		D301DA551B8C5979004BEB00 /* Debug */ = {
			isa = XCBuildConfiguration;
			buildSettings = {
				BUNDLE_LOADER = "$(TEST_HOST)";
				FRAMEWORK_SEARCH_PATHS = (
					"$(SDKROOT)/Developer/Library/Frameworks",
					"$(inherited)",
				);
				GCC_PREPROCESSOR_DEFINITIONS = (
					"DEBUG=1",
					"$(inherited)",
				);
				INFOPLIST_FILE = noteBookTests/Info.plist;
				LD_RUNPATH_SEARCH_PATHS = "$(inherited) @executable_path/Frameworks @loader_path/Frameworks";
				PRODUCT_NAME = "$(TARGET_NAME)";
				TEST_HOST = "$(BUILT_PRODUCTS_DIR)/noteBook.app/noteBook";
			};
			name = Debug;
		};
		D301DA561B8C5979004BEB00 /* Release */ = {
			isa = XCBuildConfiguration;
			buildSettings = {
				BUNDLE_LOADER = "$(TEST_HOST)";
				FRAMEWORK_SEARCH_PATHS = (
					"$(SDKROOT)/Developer/Library/Frameworks",
					"$(inherited)",
				);
				INFOPLIST_FILE = noteBookTests/Info.plist;
				LD_RUNPATH_SEARCH_PATHS = "$(inherited) @executable_path/Frameworks @loader_path/Frameworks";
				PRODUCT_NAME = "$(TARGET_NAME)";
				TEST_HOST = "$(BUILT_PRODUCTS_DIR)/noteBook.app/noteBook";
			};
			name = Release;
		};
/* End XCBuildConfiguration section */

/* Begin XCConfigurationList section */
		D301DA261B8C5979004BEB00 /* Build configuration list for PBXProject "noteBook" */ = {
			isa = XCConfigurationList;
			buildConfigurations = (
				D301DA4F1B8C5979004BEB00 /* Debug */,
				D301DA501B8C5979004BEB00 /* Release */,
			);
			defaultConfigurationIsVisible = 0;
			defaultConfigurationName = Release;
		};
		D301DA511B8C5979004BEB00 /* Build configuration list for PBXNativeTarget "noteBook" */ = {
			isa = XCConfigurationList;
			buildConfigurations = (
				D301DA521B8C5979004BEB00 /* Debug */,
				D301DA531B8C5979004BEB00 /* Release */,
			);
			defaultConfigurationIsVisible = 0;
		};
		D301DA541B8C5979004BEB00 /* Build configuration list for PBXNativeTarget "noteBookTests" */ = {
			isa = XCConfigurationList;
			buildConfigurations = (
				D301DA551B8C5979004BEB00 /* Debug */,
				D301DA561B8C5979004BEB00 /* Release */,
			);
			defaultConfigurationIsVisible = 0;
		};
/* End XCConfigurationList section */

/* Begin XCVersionGroup section */
		D301DA351B8C5979004BEB00 /* noteBook.xcdatamodeld */ = {
			isa = XCVersionGroup;
			children = (
				D301DA361B8C5979004BEB00 /* noteBook.xcdatamodel */,
			);
			currentVersion = D301DA361B8C5979004BEB00 /* noteBook.xcdatamodel */;
			path = noteBook.xcdatamodeld;
			sourceTree = "<group>";
			versionGroupType = wrapper.xcdatamodel;
		};
/* End XCVersionGroup section */
	};
	rootObject = D301DA231B8C5979004BEB00 /* Project object */;
}
